{
  "name": "video-workbench",
  "lockfileVersion": 3,
  "requires": true,
  "packages": {
    "": {
      "dependencies": {
        "capcut-cli": "^0.23.0"
      }
    },
    "node_modules/capcut-cli": {
      "version": "0.23.0",
      "resolved": "https://registry.npmjs.org/capcut-cli/-/capcut-cli-0.23.0.tgz",
      "integrity": "sha512-sQlWcyow9z1Im1oeu2YVK9Y9EY4lP/+U7uTakjDqBsE1eS+Rt2VizIY17gxfJvhCsUyx0hmoFcKCe2q0c3YtTg==",
      "license": "MIT",
      "bin": {
        "capcut": "dist/index.js",
        "capcut-cli": "dist/index.js"
      },
      "engines": {
        "node": ">=18"
      }
    }
  }
}
